
Microsoft Visual Studio Solution File, Format Version 12.00
# Visual Studio 15
VisualStudioVersion = 15.0.28010.2026
MinimumVisualStudioVersion = 10.0.40219.1
Project("{FAE04EC0-301F-11D3-BF4B-00C04F79EFBC}") = "CS3260_LabMain2_JNP", "CS3260_LabMain1_JNP\CS3260_LabMain2_JNP.csproj", "{1D5A946C-7C03-42D1-9CB4-01DAC0ABC321}"
EndProject
Project("{FAE04EC0-301F-11D3-BF4B-00C04F79EFBC}") = "CS3260_LabMain2_JNP_Test", "CS3260_LabMain1_JNP_Test\CS3260_LabMain2_JNP_Test.csproj", "{A25C7ACF-59CB-45C6-BFCF-84851D97343E}"
EndProject
Global
	GlobalSection(SolutionConfigurationPlatforms) = preSolution
		Debug|Any CPU = Debug|Any CPU
		Release|Any CPU = Release|Any CPU
	EndGlobalSection
	GlobalSection(ProjectConfigurationPlatforms) = postSolution
		{1D5A946C-7C03-42D1-9CB4-01DAC0ABC321}.Debug|Any CPU.ActiveCfg = Debug|Any CPU
		{1D5A946C-7C03-42D1-9CB4-01DAC0ABC321}.Debug|Any CPU.Build.0 = Debug|Any CPU
		{1D5A946C-7C03-42D1-9CB4-01DAC0ABC321}.Release|Any CPU.ActiveCfg = Release|Any CPU
		{1D5A946C-7C03-42D1-9CB4-01DAC0ABC321}.Release|Any CPU.Build.0 = Release|Any CPU
		{A25C7ACF-59CB-45C6-BFCF-84851D97343E}.Debug|Any CPU.ActiveCfg = Debug|Any CPU
		{A25C7ACF-59CB-45C6-BFCF-84851D97343E}.Debug|Any CPU.Build.0 = Debug|Any CPU
		{A25C7ACF-59CB-45C6-BFCF-84851D97343E}.Release|Any CPU.ActiveCfg = Release|Any CPU
		{A25C7ACF-59CB-45C6-BFCF-84851D97343E}.Release|Any CPU.Build.0 = Release|Any CPU
	EndGlobalSection
	GlobalSection(SolutionProperties) = preSolution
		HideSolutionNode = FALSE
	EndGlobalSection
	GlobalSection(ExtensibilityGlobals) = postSolution
		SolutionGuid = {F966586C-D233-435E-BA69-22563A6F6A8B}
	EndGlobalSection
EndGlobal
